
Microsoft Visual Studio Solution File, Format Version 12.00
# Visual Studio Version 16
VisualStudioVersion = 16.0.31911.196
MinimumVisualStudioVersion = 10.0.40219.1
Project("{FAE04EC0-301F-11D3-BF4B-00C04F79EFBC}") = "AppoinmentScheduling", "AppoinmentScheduling\AppoinmentScheduling.csproj", "{46BC1F96-E9DA-4A7D-9AA9-B950A2A4B159}"
EndProject
Global
	GlobalSection(SolutionConfigurationPlatforms) = preSolution
		Debug|Any CPU = Debug|Any CPU
		Release|Any CPU = Release|Any CPU
	EndGlobalSection
	GlobalSection(ProjectConfigurationPlatforms) = postSolution
		{46BC1F96-E9DA-4A7D-9AA9-B950A2A4B159}.Debug|Any CPU.ActiveCfg = Debug|Any CPU
		{46BC1F96-E9DA-4A7D-9AA9-B950A2A4B159}.Debug|Any CPU.Build.0 = Debug|Any CPU
		{46BC1F96-E9DA-4A7D-9AA9-B950A2A4B159}.Release|Any CPU.ActiveCfg = Release|Any CPU
		{46BC1F96-E9DA-4A7D-9AA9-B950A2A4B159}.Release|Any CPU.Build.0 = Release|Any CPU
	EndGlobalSection
	GlobalSection(SolutionProperties) = preSolution
		HideSolutionNode = FALSE
	EndGlobalSection
	GlobalSection(ExtensibilityGlobals) = postSolution
		SolutionGuid = {B5131B9D-AD2F-4A37-90D7-6B9B350EBB0E}
	EndGlobalSection
EndGlobal
